
Microsoft Visual Studio Solution File, Format Version 12.00
# Visual Studio 2017
Project("{FAE04EC0-301F-11D3-BF4B-00C04F79EFBC}") = "odintsovo_public_unity3d", "odintsovo_public_unity3d.csproj", "{6C7308FD-BEF9-F2D4-334A-BEA26F4F8D71}"
EndProject
Project("{FAE04EC0-301F-11D3-BF4B-00C04F79EFBC}") = "odintsovo_public_unity3d.Editor", "odintsovo_public_unity3d.Editor.csproj", "{3AA9FE8D-9DA3-B9BB-2C68-8DD76A3EF57A}"
EndProject
Global
	GlobalSection(SolutionConfigurationPlatforms) = preSolution
		Debug|Any CPU = Debug|Any CPU
		Release|Any CPU = Release|Any CPU
	EndGlobalSection
	GlobalSection(ProjectConfigurationPlatforms) = postSolution
		{6C7308FD-BEF9-F2D4-334A-BEA26F4F8D71}.Debug|Any CPU.ActiveCfg = Debug|Any CPU
		{6C7308FD-BEF9-F2D4-334A-BEA26F4F8D71}.Debug|Any CPU.Build.0 = Debug|Any CPU
		{6C7308FD-BEF9-F2D4-334A-BEA26F4F8D71}.Release|Any CPU.ActiveCfg = Release|Any CPU
		{6C7308FD-BEF9-F2D4-334A-BEA26F4F8D71}.Release|Any CPU.Build.0 = Release|Any CPU
		{3AA9FE8D-9DA3-B9BB-2C68-8DD76A3EF57A}.Debug|Any CPU.ActiveCfg = Debug|Any CPU
		{3AA9FE8D-9DA3-B9BB-2C68-8DD76A3EF57A}.Debug|Any CPU.Build.0 = Debug|Any CPU
		{3AA9FE8D-9DA3-B9BB-2C68-8DD76A3EF57A}.Release|Any CPU.ActiveCfg = Release|Any CPU
		{3AA9FE8D-9DA3-B9BB-2C68-8DD76A3EF57A}.Release|Any CPU.Build.0 = Release|Any CPU
	EndGlobalSection
	GlobalSection(SolutionProperties) = preSolution
		HideSolutionNode = FALSE
	EndGlobalSection
EndGlobal
